// !$*UTF8*$!
{
	archiveVersion = 1;
	classes = {
	};
	objectVersion = 46;
	objects = {

/* Begin PBXBuildFile section */
		1AA718BE18FF4795002C19C8 /* MNBluetoothManager.m in Sources */ = {isa = PBXBuildFile; fileRef = 1AA718BD18FF4795002C19C8 /* MNBluetoothManager.m */; };
		1AA718C318FF6158002C19C8 /* MNBLEControlsTableViewController.m in Sources */ = {isa = PBXBuildFile; fileRef = 1AA718C218FF6158002C19C8 /* MNBLEControlsTableViewController.m */; };
		1AA718C618FF61B1002C19C8 /* MNBLEControlsSegmentsTableViewCell.m in Sources */ = {isa = PBXBuildFile; fileRef = 1AA718C518FF61B1002C19C8 /* MNBLEControlsSegmentsTableViewCell.m */; };
		1AA718D019022D94002C19C8 /* MNCarIgnitionViewController.m in Sources */ = {isa = PBXBuildFile; fileRef = 1AA718CF19022D94002C19C8 /* MNCarIgnitionViewController.m */; };
		1AA718D31902444A002C19C8 /* YHRoundBorderedButton.m in Sources */ = {isa = PBXBuildFile; fileRef = 1AA718D21902444A002C19C8 /* YHRoundBorderedButton.m */; };
		1AC395AC18EB78F600B30E4B /* Foundation.framework in Frameworks */ = {isa = PBXBuildFile; fileRef = 1AC395AB18EB78F600B30E4B /* Foundation.framework */; };
		1AC395AE18EB78F600B30E4B /* CoreGraphics.framework in Frameworks */ = {isa = PBXBuildFile; fileRef = 1AC395AD18EB78F600B30E4B /* CoreGraphics.framework */; };
		1AC395B018EB78F600B30E4B /* UIKit.framework in Frameworks */ = {isa = PBXBuildFile; fileRef = 1AC395AF18EB78F600B30E4B /* UIKit.framework */; };
		1AC395B618EB78F600B30E4B /* InfoPlist.strings in Resources */ = {isa = PBXBuildFile; fileRef = 1AC395B418EB78F600B30E4B /* InfoPlist.strings */; };
		1AC395B818EB78F600B30E4B /* main.m in Sources */ = {isa = PBXBuildFile; fileRef = 1AC395B718EB78F600B30E4B /* main.m */; };
		1AC395BC18EB78F600B30E4B /* MNAppDelegate.m in Sources */ = {isa = PBXBuildFile; fileRef = 1AC395BB18EB78F600B30E4B /* MNAppDelegate.m */; };
		1AC395BF18EB78F600B30E4B /* Main_iPhone.storyboard in Resources */ = {isa = PBXBuildFile; fileRef = 1AC395BD18EB78F600B30E4B /* Main_iPhone.storyboard */; };
		1AC395C218EB78F600B30E4B /* Main_iPad.storyboard in Resources */ = {isa = PBXBuildFile; fileRef = 1AC395C018EB78F600B30E4B /* Main_iPad.storyboard */; };
		1AC395C518EB78F600B30E4B /* MNBLETerminalViewController.m in Sources */ = {isa = PBXBuildFile; fileRef = 1AC395C418EB78F600B30E4B /* MNBLETerminalViewController.m */; };
		1AC395CA18EB78F600B30E4B /* Images.xcassets in Resources */ = {isa = PBXBuildFile; fileRef = 1AC395C918EB78F600B30E4B /* Images.xcassets */; };
		1AC395D118EB78F600B30E4B /* XCTest.framework in Frameworks */ = {isa = PBXBuildFile; fileRef = 1AC395D018EB78F600B30E4B /* XCTest.framework */; };
		1AC395D218EB78F600B30E4B /* Foundation.framework in Frameworks */ = {isa = PBXBuildFile; fileRef = 1AC395AB18EB78F600B30E4B /* Foundation.framework */; };
		1AC395D318EB78F600B30E4B /* UIKit.framework in Frameworks */ = {isa = PBXBuildFile; fileRef = 1AC395AF18EB78F600B30E4B /* UIKit.framework */; };
		1AC395DB18EB78F600B30E4B /* InfoPlist.strings in Resources */ = {isa = PBXBuildFile; fileRef = 1AC395D918EB78F600B30E4B /* InfoPlist.strings */; };
		1AC395DD18EB78F600B30E4B /* BLECarTestingTests.m in Sources */ = {isa = PBXBuildFile; fileRef = 1AC395DC18EB78F600B30E4B /* BLECarTestingTests.m */; };
		1AC395E718EB7B3800B30E4B /* CoreBluetooth.framework in Frameworks */ = {isa = PBXBuildFile; fileRef = 1AC395E618EB7B3800B30E4B /* CoreBluetooth.framework */; };
		1AC395EA18EB805A00B30E4B /* UARTPeripheral.m in Sources */ = {isa = PBXBuildFile; fileRef = 1AC395E918EB805A00B30E4B /* UARTPeripheral.m */; };
		1AC395F418EB80CF00B30E4B /* CBUUID+StringExtraction.m in Sources */ = {isa = PBXBuildFile; fileRef = 1AC395ED18EB80CF00B30E4B /* CBUUID+StringExtraction.m */; };
		1AC395F518EB80CF00B30E4B /* NSData+hex.m in Sources */ = {isa = PBXBuildFile; fileRef = 1AC395EF18EB80CF00B30E4B /* NSData+hex.m */; };
		1AC395F618EB80CF00B30E4B /* NSString+hex.m in Sources */ = {isa = PBXBuildFile; fileRef = 1AC395F118EB80CF00B30E4B /* NSString+hex.m */; };
		1AC395F718EB80CF00B30E4B /* UITextView+lineCount.m in Sources */ = {isa = PBXBuildFile; fileRef = 1AC395F318EB80CF00B30E4B /* UITextView+lineCount.m */; };
		1AC395FA18EB826C00B30E4B /* QuartzCore.framework in Frameworks */ = {isa = PBXBuildFile; fileRef = 1AC395F918EB826C00B30E4B /* QuartzCore.framework */; };
/* End PBXBuildFile section */

/* Begin PBXContainerItemProxy section */
		1AC395D418EB78F600B30E4B /* PBXContainerItemProxy */ = {
			isa = PBXContainerItemProxy;
			containerPortal = 1AC395A018EB78F600B30E4B /* Project object */;
			proxyType = 1;
			remoteGlobalIDString = 1AC395A718EB78F600B30E4B;
			remoteInfo = BLECarTesting;
		};
/* End PBXContainerItemProxy section */

/* Begin PBXFileReference section */
		1AA718BC18FF4795002C19C8 /* MNBluetoothManager.h */ = {isa = PBXFileReference; fileEncoding = 4; lastKnownFileType = sourcecode.c.h; path = MNBluetoothManager.h; sourceTree = "<group>"; };
		1AA718BD18FF4795002C19C8 /* MNBluetoothManager.m */ = {isa = PBXFileReference; fileEncoding = 4; lastKnownFileType = sourcecode.c.objc; path = MNBluetoothManager.m; sourceTree = "<group>"; };
		1AA718C118FF6158002C19C8 /* MNBLEControlsTableViewController.h */ = {isa = PBXFileReference; fileEncoding = 4; lastKnownFileType = sourcecode.c.h; path = MNBLEControlsTableViewController.h; sourceTree = "<group>"; };
		1AA718C218FF6158002C19C8 /* MNBLEControlsTableViewController.m */ = {isa = PBXFileReference; fileEncoding = 4; lastKnownFileType = sourcecode.c.objc; path = MNBLEControlsTableViewController.m; sourceTree = "<group>"; };
		1AA718C418FF61B1002C19C8 /* MNBLEControlsSegmentsTableViewCell.h */ = {isa = PBXFileReference; fileEncoding = 4; lastKnownFileType = sourcecode.c.h; path = MNBLEControlsSegmentsTableViewCell.h; sourceTree = "<group>"; };
		1AA718C518FF61B1002C19C8 /* MNBLEControlsSegmentsTableViewCell.m */ = {isa = PBXFileReference; fileEncoding = 4; lastKnownFileType = sourcecode.c.objc; path = MNBLEControlsSegmentsTableViewCell.m; sourceTree = "<group>"; };
		1AA718CE19022D94002C19C8 /* MNCarIgnitionViewController.h */ = {isa = PBXFileReference; fileEncoding = 4; lastKnownFileType = sourcecode.c.h; path = MNCarIgnitionViewController.h; sourceTree = "<group>"; };
		1AA718CF19022D94002C19C8 /* MNCarIgnitionViewController.m */ = {isa = PBXFileReference; fileEncoding = 4; lastKnownFileType = sourcecode.c.objc; path = MNCarIgnitionViewController.m; sourceTree = "<group>"; };
		1AA718D11902444A002C19C8 /* YHRoundBorderedButton.h */ = {isa = PBXFileReference; fileEncoding = 4; lastKnownFileType = sourcecode.c.h; path = YHRoundBorderedButton.h; sourceTree = "<group>"; };
		1AA718D21902444A002C19C8 /* YHRoundBorderedButton.m */ = {isa = PBXFileReference; fileEncoding = 4; lastKnownFileType = sourcecode.c.objc; path = YHRoundBorderedButton.m; sourceTree = "<group>"; };
		1AC395A818EB78F600B30E4B /* BLECarTesting.app */ = {isa = PBXFileReference; explicitFileType = wrapper.application; includeInIndex = 0; path = BLECarTesting.app; sourceTree = BUILT_PRODUCTS_DIR; };
		1AC395AB18EB78F600B30E4B /* Foundation.framework */ = {isa = PBXFileReference; lastKnownFileType = wrapper.framework; name = Foundation.framework; path = System/Library/Frameworks/Foundation.framework; sourceTree = SDKROOT; };
		1AC395AD18EB78F600B30E4B /* CoreGraphics.framework */ = {isa = PBXFileReference; lastKnownFileType = wrapper.framework; name = CoreGraphics.framework; path = System/Library/Frameworks/CoreGraphics.framework; sourceTree = SDKROOT; };
		1AC395AF18EB78F600B30E4B /* UIKit.framework */ = {isa = PBXFileReference; lastKnownFileType = wrapper.framework; name = UIKit.framework; path = System/Library/Frameworks/UIKit.framework; sourceTree = SDKROOT; };
		1AC395B318EB78F600B30E4B /* BLECarTesting-Info.plist */ = {isa = PBXFileReference; lastKnownFileType = text.plist.xml; path = "BLECarTesting-Info.plist"; sourceTree = "<group>"; };
		1AC395B518EB78F600B30E4B /* en */ = {isa = PBXFileReference; lastKnownFileType = text.plist.strings; name = en; path = en.lproj/InfoPlist.strings; sourceTree = "<group>"; };
		1AC395B718EB78F600B30E4B /* main.m */ = {isa = PBXFileReference; lastKnownFileType = sourcecode.c.objc; path = main.m; sourceTree = "<group>"; };
		1AC395B918EB78F600B30E4B /* BLECarTesting-Prefix.pch */ = {isa = PBXFileReference; lastKnownFileType = sourcecode.c.h; path = "BLECarTesting-Prefix.pch"; sourceTree = "<group>"; };
		1AC395BA18EB78F600B30E4B /* MNAppDelegate.h */ = {isa = PBXFileReference; lastKnownFileType = sourcecode.c.h; path = MNAppDelegate.h; sourceTree = "<group>"; };
		1AC395BB18EB78F600B30E4B /* MNAppDelegate.m */ = {isa = PBXFileReference; lastKnownFileType = sourcecode.c.objc; path = MNAppDelegate.m; sourceTree = "<group>"; };
		1AC395BE18EB78F600B30E4B /* Base */ = {isa = PBXFileReference; lastKnownFileType = file.storyboard; name = Base; path = Base.lproj/Main_iPhone.storyboard; sourceTree = "<group>"; };
		1AC395C118EB78F600B30E4B /* Base */ = {isa = PBXFileReference; lastKnownFileType = file.storyboard; name = Base; path = Base.lproj/Main_iPad.storyboard; sourceTree = "<group>"; };
		1AC395C318EB78F600B30E4B /* MNBLETerminalViewController.h */ = {isa = PBXFileReference; lastKnownFileType = sourcecode.c.h; path = MNBLETerminalViewController.h; sourceTree = "<group>"; };
		1AC395C418EB78F600B30E4B /* MNBLETerminalViewController.m */ = {isa = PBXFileReference; lastKnownFileType = sourcecode.c.objc; path = MNBLETerminalViewController.m; sourceTree = "<group>"; };
		1AC395C918EB78F600B30E4B /* Images.xcassets */ = {isa = PBXFileReference; lastKnownFileType = folder.assetcatalog; path = Images.xcassets; sourceTree = "<group>"; };
		1AC395CF18EB78F600B30E4B /* BLECarTestingTests.xctest */ = {isa = PBXFileReference; explicitFileType = wrapper.cfbundle; includeInIndex = 0; path = BLECarTestingTests.xctest; sourceTree = BUILT_PRODUCTS_DIR; };
		1AC395D018EB78F600B30E4B /* XCTest.framework */ = {isa = PBXFileReference; lastKnownFileType = wrapper.framework; name = XCTest.framework; path = Library/Frameworks/XCTest.framework; sourceTree = DEVELOPER_DIR; };
		1AC395D818EB78F600B30E4B /* BLECarTestingTests-Info.plist */ = {isa = PBXFileReference; lastKnownFileType = text.plist.xml; path = "BLECarTestingTests-Info.plist"; sourceTree = "<group>"; };
		1AC395DA18EB78F600B30E4B /* en */ = {isa = PBXFileReference; lastKnownFileType = text.plist.strings; name = en; path = en.lproj/InfoPlist.strings; sourceTree = "<group>"; };
		1AC395DC18EB78F600B30E4B /* BLECarTestingTests.m */ = {isa = PBXFileReference; lastKnownFileType = sourcecode.c.objc; path = BLECarTestingTests.m; sourceTree = "<group>"; };
		1AC395E618EB7B3800B30E4B /* CoreBluetooth.framework */ = {isa = PBXFileReference; lastKnownFileType = wrapper.framework; name = CoreBluetooth.framework; path = System/Library/Frameworks/CoreBluetooth.framework; sourceTree = SDKROOT; };
		1AC395E818EB805A00B30E4B /* UARTPeripheral.h */ = {isa = PBXFileReference; fileEncoding = 4; lastKnownFileType = sourcecode.c.h; path = UARTPeripheral.h; sourceTree = "<group>"; };
		1AC395E918EB805A00B30E4B /* UARTPeripheral.m */ = {isa = PBXFileReference; fileEncoding = 4; lastKnownFileType = sourcecode.c.objc; path = UARTPeripheral.m; sourceTree = "<group>"; };
		1AC395EC18EB80CF00B30E4B /* CBUUID+StringExtraction.h */ = {isa = PBXFileReference; fileEncoding = 4; lastKnownFileType = sourcecode.c.h; path = "CBUUID+StringExtraction.h"; sourceTree = "<group>"; };
		1AC395ED18EB80CF00B30E4B /* CBUUID+StringExtraction.m */ = {isa = PBXFileReference; fileEncoding = 4; lastKnownFileType = sourcecode.c.objc; path = "CBUUID+StringExtraction.m"; sourceTree = "<group>"; };
		1AC395EE18EB80CF00B30E4B /* NSData+hex.h */ = {isa = PBXFileReference; fileEncoding = 4; lastKnownFileType = sourcecode.c.h; path = "NSData+hex.h"; sourceTree = "<group>"; };
		1AC395EF18EB80CF00B30E4B /* NSData+hex.m */ = {isa = PBXFileReference; fileEncoding = 4; lastKnownFileType = sourcecode.c.objc; path = "NSData+hex.m"; sourceTree = "<group>"; };
		1AC395F018EB80CF00B30E4B /* NSString+hex.h */ = {isa = PBXFileReference; fileEncoding = 4; lastKnownFileType = sourcecode.c.h; path = "NSString+hex.h"; sourceTree = "<group>"; };
		1AC395F118EB80CF00B30E4B /* NSString+hex.m */ = {isa = PBXFileReference; fileEncoding = 4; lastKnownFileType = sourcecode.c.objc; path = "NSString+hex.m"; sourceTree = "<group>"; };
		1AC395F218EB80CF00B30E4B /* UITextView+lineCount.h */ = {isa = PBXFileReference; fileEncoding = 4; lastKnownFileType = sourcecode.c.h; path = "UITextView+lineCount.h"; sourceTree = "<group>"; };
		1AC395F318EB80CF00B30E4B /* UITextView+lineCount.m */ = {isa = PBXFileReference; fileEncoding = 4; lastKnownFileType = sourcecode.c.objc; path = "UITextView+lineCount.m"; sourceTree = "<group>"; };
		1AC395F918EB826C00B30E4B /* QuartzCore.framework */ = {isa = PBXFileReference; lastKnownFileType = wrapper.framework; name = QuartzCore.framework; path = System/Library/Frameworks/QuartzCore.framework; sourceTree = SDKROOT; };
/* End PBXFileReference section */

/* Begin PBXFrameworksBuildPhase section */
		1AC395A518EB78F600B30E4B /* Frameworks */ = {
			isa = PBXFrameworksBuildPhase;
			buildActionMask = 2147483647;
			files = (
				1AC395FA18EB826C00B30E4B /* QuartzCore.framework in Frameworks */,
				1AC395E718EB7B3800B30E4B /* CoreBluetooth.framework in Frameworks */,
				1AC395AE18EB78F600B30E4B /* CoreGraphics.framework in Frameworks */,
				1AC395B018EB78F600B30E4B /* UIKit.framework in Frameworks */,
				1AC395AC18EB78F600B30E4B /* Foundation.framework in Frameworks */,
			);
			runOnlyForDeploymentPostprocessing = 0;
		};
		1AC395CC18EB78F600B30E4B /* Frameworks */ = {
			isa = PBXFrameworksBuildPhase;
			buildActionMask = 2147483647;
			files = (
				1AC395D118EB78F600B30E4B /* XCTest.framework in Frameworks */,
				1AC395D318EB78F600B30E4B /* UIKit.framework in Frameworks */,
				1AC395D218EB78F600B30E4B /* Foundation.framework in Frameworks */,
			);
			runOnlyForDeploymentPostprocessing = 0;
		};
/* End PBXFrameworksBuildPhase section */

/* Begin PBXGroup section */
		1AA718BF18FF4C25002C19C8 /* Interface */ = {
			isa = PBXGroup;
			children = (
				1AC395BD18EB78F600B30E4B /* Main_iPhone.storyboard */,
				1AC395C018EB78F600B30E4B /* Main_iPad.storyboard */,
			);
			name = Interface;
			sourceTree = "<group>";
		};
		1AA718C018FF4C32002C19C8 /* ViewControllers */ = {
			isa = PBXGroup;
			children = (
				1AC395C318EB78F600B30E4B /* MNBLETerminalViewController.h */,
				1AC395C418EB78F600B30E4B /* MNBLETerminalViewController.m */,
				1AA718C118FF6158002C19C8 /* MNBLEControlsTableViewController.h */,
				1AA718C218FF6158002C19C8 /* MNBLEControlsTableViewController.m */,
				1AA718CE19022D94002C19C8 /* MNCarIgnitionViewController.h */,
				1AA718CF19022D94002C19C8 /* MNCarIgnitionViewController.m */,
				1AA718C718FF61B6002C19C8 /* Table Cells */,
			);
			name = ViewControllers;
			sourceTree = "<group>";
		};
		1AA718C718FF61B6002C19C8 /* Table Cells */ = {
			isa = PBXGroup;
			children = (
				1AA718C418FF61B1002C19C8 /* MNBLEControlsSegmentsTableViewCell.h */,
				1AA718C518FF61B1002C19C8 /* MNBLEControlsSegmentsTableViewCell.m */,
			);
			name = "Table Cells";
			sourceTree = "<group>";
		};
		1AC3959F18EB78F600B30E4B = {
			isa = PBXGroup;
			children = (
				1AC395B118EB78F600B30E4B /* BLECarTesting */,
				1AC395D618EB78F600B30E4B /* BLECarTestingTests */,
				1AC395AA18EB78F600B30E4B /* Frameworks */,
				1AC395A918EB78F600B30E4B /* Products */,
			);
			sourceTree = "<group>";
		};
		1AC395A918EB78F600B30E4B /* Products */ = {
			isa = PBXGroup;
			children = (
				1AC395A818EB78F600B30E4B /* BLECarTesting.app */,
				1AC395CF18EB78F600B30E4B /* BLECarTestingTests.xctest */,
			);
			name = Products;
			sourceTree = "<group>";
		};
		1AC395AA18EB78F600B30E4B /* Frameworks */ = {
			isa = PBXGroup;
			children = (
				1AC395F918EB826C00B30E4B /* QuartzCore.framework */,
				1AC395E618EB7B3800B30E4B /* CoreBluetooth.framework */,
				1AC395AB18EB78F600B30E4B /* Foundation.framework */,
				1AC395AD18EB78F600B30E4B /* CoreGraphics.framework */,
				1AC395AF18EB78F600B30E4B /* UIKit.framework */,
				1AC395D018EB78F600B30E4B /* XCTest.framework */,
			);
			name = Frameworks;
			sourceTree = "<group>";
		};
		1AC395B118EB78F600B30E4B /* BLECarTesting */ = {
			isa = PBXGroup;
			children = (
				1AC395BA18EB78F600B30E4B /* MNAppDelegate.h */,
				1AC395BB18EB78F600B30E4B /* MNAppDelegate.m */,
				1AA718BC18FF4795002C19C8 /* MNBluetoothManager.h */,
				1AA718BD18FF4795002C19C8 /* MNBluetoothManager.m */,
				1AA718D11902444A002C19C8 /* YHRoundBorderedButton.h */,
				1AA718D21902444A002C19C8 /* YHRoundBorderedButton.m */,
				1AA718C018FF4C32002C19C8 /* ViewControllers */,
				1AA718BF18FF4C25002C19C8 /* Interface */,
				1AC395F818EB80D400B30E4B /* Categories */,
				1AC395EB18EB805F00B30E4B /* Bluetooth */,
				1AC395C918EB78F600B30E4B /* Images.xcassets */,
				1AC395B218EB78F600B30E4B /* Supporting Files */,
			);
			path = BLECarTesting;
			sourceTree = "<group>";
		};
		1AC395B218EB78F600B30E4B /* Supporting Files */ = {
			isa = PBXGroup;
			children = (
				1AC395B318EB78F600B30E4B /* BLECarTesting-Info.plist */,
				1AC395B418EB78F600B30E4B /* InfoPlist.strings */,
				1AC395B718EB78F600B30E4B /* main.m */,
				1AC395B918EB78F600B30E4B /* BLECarTesting-Prefix.pch */,
			);
			name = "Supporting Files";
			sourceTree = "<group>";
		};
		1AC395D618EB78F600B30E4B /* BLECarTestingTests */ = {
			isa = PBXGroup;
			children = (
				1AC395DC18EB78F600B30E4B /* BLECarTestingTests.m */,
				1AC395D718EB78F600B30E4B /* Supporting Files */,
			);
			path = BLECarTestingTests;
			sourceTree = "<group>";
		};
		1AC395D718EB78F600B30E4B /* Supporting Files */ = {
			isa = PBXGroup;
			children = (
				1AC395D818EB78F600B30E4B /* BLECarTestingTests-Info.plist */,
				1AC395D918EB78F600B30E4B /* InfoPlist.strings */,
			);
			name = "Supporting Files";
			sourceTree = "<group>";
		};
		1AC395EB18EB805F00B30E4B /* Bluetooth */ = {
			isa = PBXGroup;
			children = (
				1AC395E818EB805A00B30E4B /* UARTPeripheral.h */,
				1AC395E918EB805A00B30E4B /* UARTPeripheral.m */,
			);
			name = Bluetooth;
			sourceTree = "<group>";
		};
		1AC395F818EB80D400B30E4B /* Categories */ = {
			isa = PBXGroup;
			children = (
				1AC395EC18EB80CF00B30E4B /* CBUUID+StringExtraction.h */,
				1AC395ED18EB80CF00B30E4B /* CBUUID+StringExtraction.m */,
				1AC395EE18EB80CF00B30E4B /* NSData+hex.h */,
				1AC395EF18EB80CF00B30E4B /* NSData+hex.m */,
				1AC395F018EB80CF00B30E4B /* NSString+hex.h */,
				1AC395F118EB80CF00B30E4B /* NSString+hex.m */,
				1AC395F218EB80CF00B30E4B /* UITextView+lineCount.h */,
				1AC395F318EB80CF00B30E4B /* UITextView+lineCount.m */,
			);
			name = Categories;
			sourceTree = "<group>";
		};
/* End PBXGroup section */

/* Begin PBXNativeTarget section */
		1AC395A718EB78F600B30E4B /* BLECarTesting */ = {
			isa = PBXNativeTarget;
			buildConfigurationList = 1AC395E018EB78F600B30E4B /* Build configuration list for PBXNativeTarget "BLECarTesting" */;
			buildPhases = (
				1AC395A418EB78F600B30E4B /* Sources */,
				1AC395A518EB78F600B30E4B /* Frameworks */,
				1AC395A618EB78F600B30E4B /* Resources */,
			);
			buildRules = (
			);
			dependencies = (
			);
			name = BLECarTesting;
			productName = BLECarTesting;
			productReference = 1AC395A818EB78F600B30E4B /* BLECarTesting.app */;
			productType = "com.apple.product-type.application";
		};
		1AC395CE18EB78F600B30E4B /* BLECarTestingTests */ = {
			isa = PBXNativeTarget;
			buildConfigurationList = 1AC395E318EB78F600B30E4B /* Build configuration list for PBXNativeTarget "BLECarTestingTests" */;
			buildPhases = (
				1AC395CB18EB78F600B30E4B /* Sources */,
				1AC395CC18EB78F600B30E4B /* Frameworks */,
				1AC395CD18EB78F600B30E4B /* Resources */,
			);
			buildRules = (
			);
			dependencies = (
				1AC395D518EB78F600B30E4B /* PBXTargetDependency */,
			);
			name = BLECarTestingTests;
			productName = BLECarTestingTests;
			productReference = 1AC395CF18EB78F600B30E4B /* BLECarTestingTests.xctest */;
			productType = "com.apple.product-type.bundle.unit-test";
		};
/* End PBXNativeTarget section */

/* Begin PBXProject section */
		1AC395A018EB78F600B30E4B /* Project object */ = {
			isa = PBXProject;
			attributes = {
				CLASSPREFIX = MN;
				LastUpgradeCheck = 0510;
				ORGANIZATIONNAME = JamesAdams;
				TargetAttributes = {
					1AC395CE18EB78F600B30E4B = {
						TestTargetID = 1AC395A718EB78F600B30E4B;
					};
				};
			};
			buildConfigurationList = 1AC395A318EB78F600B30E4B /* Build configuration list for PBXProject "BLECarTesting" */;
			compatibilityVersion = "Xcode 3.2";
			developmentRegion = English;
			hasScannedForEncodings = 0;
			knownRegions = (
				en,
				Base,
			);
			mainGroup = 1AC3959F18EB78F600B30E4B;
			productRefGroup = 1AC395A918EB78F600B30E4B /* Products */;
			projectDirPath = "";
			projectRoot = "";
			targets = (
				1AC395A718EB78F600B30E4B /* BLECarTesting */,
				1AC395CE18EB78F600B30E4B /* BLECarTestingTests */,
			);
		};
/* End PBXProject section */

/* Begin PBXResourcesBuildPhase section */
		1AC395A618EB78F600B30E4B /* Resources */ = {
			isa = PBXResourcesBuildPhase;
			buildActionMask = 2147483647;
			files = (
				1AC395C218EB78F600B30E4B /* Main_iPad.storyboard in Resources */,
				1AC395CA18EB78F600B30E4B /* Images.xcassets in Resources */,
				1AC395BF18EB78F600B30E4B /* Main_iPhone.storyboard in Resources */,
				1AC395B618EB78F600B30E4B /* InfoPlist.strings in Resources */,
			);
			runOnlyForDeploymentPostprocessing = 0;
		};
		1AC395CD18EB78F600B30E4B /* Resources */ = {
			isa = PBXResourcesBuildPhase;
			buildActionMask = 2147483647;
			files = (
				1AC395DB18EB78F600B30E4B /* InfoPlist.strings in Resources */,
			);
			runOnlyForDeploymentPostprocessing = 0;
		};
/* End PBXResourcesBuildPhase section */

/* Begin PBXSourcesBuildPhase section */
		1AC395A418EB78F600B30E4B /* Sources */ = {
			isa = PBXSourcesBuildPhase;
			buildActionMask = 2147483647;
			files = (
				1AA718C318FF6158002C19C8 /* MNBLEControlsTableViewController.m in Sources */,
				1AA718D31902444A002C19C8 /* YHRoundBorderedButton.m in Sources */,
				1AC395B818EB78F600B30E4B /* main.m in Sources */,
				1AC395F618EB80CF00B30E4B /* NSString+hex.m in Sources */,
				1AC395EA18EB805A00B30E4B /* UARTPeripheral.m in Sources */,
				1AA718BE18FF4795002C19C8 /* MNBluetoothManager.m in Sources */,
				1AC395F718EB80CF00B30E4B /* UITextView+lineCount.m in Sources */,
				1AC395F418EB80CF00B30E4B /* CBUUID+StringExtraction.m in Sources */,
				1AA718D019022D94002C19C8 /* MNCarIgnitionViewController.m in Sources */,
				1AC395C518EB78F600B30E4B /* MNBLETerminalViewController.m in Sources */,
				1AC395BC18EB78F600B30E4B /* MNAppDelegate.m in Sources */,
				1AA718C618FF61B1002C19C8 /* MNBLEControlsSegmentsTableViewCell.m in Sources */,
				1AC395F518EB80CF00B30E4B /* NSData+hex.m in Sources */,
			);
			runOnlyForDeploymentPostprocessing = 0;
		};
		1AC395CB18EB78F600B30E4B /* Sources */ = {
			isa = PBXSourcesBuildPhase;
			buildActionMask = 2147483647;
			files = (
				1AC395DD18EB78F600B30E4B /* BLECarTestingTests.m in Sources */,
			);
			runOnlyForDeploymentPostprocessing = 0;
		};
/* End PBXSourcesBuildPhase section */

/* Begin PBXTargetDependency section */
		1AC395D518EB78F600B30E4B /* PBXTargetDependency */ = {
			isa = PBXTargetDependency;
			target = 1AC395A718EB78F600B30E4B /* BLECarTesting */;
			targetProxy = 1AC395D418EB78F600B30E4B /* PBXContainerItemProxy */;
		};
/* End PBXTargetDependency section */

/* Begin PBXVariantGroup section */
		1AC395B418EB78F600B30E4B /* InfoPlist.strings */ = {
			isa = PBXVariantGroup;
			children = (
				1AC395B518EB78F600B30E4B /* en */,
			);
			name = InfoPlist.strings;
			sourceTree = "<group>";
		};
		1AC395BD18EB78F600B30E4B /* Main_iPhone.storyboard */ = {
			isa = PBXVariantGroup;
			children = (
				1AC395BE18EB78F600B30E4B /* Base */,
			);
			name = Main_iPhone.storyboard;
			sourceTree = "<group>";
		};
		1AC395C018EB78F600B30E4B /* Main_iPad.storyboard */ = {
			isa = PBXVariantGroup;
			children = (
				1AC395C118EB78F600B30E4B /* Base */,
			);
			name = Main_iPad.storyboard;
			sourceTree = "<group>";
		};
		1AC395D918EB78F600B30E4B /* InfoPlist.strings */ = {
			isa = PBXVariantGroup;
			children = (
				1AC395DA18EB78F600B30E4B /* en */,
			);
			name = InfoPlist.strings;
			sourceTree = "<group>";
		};
/* End PBXVariantGroup section */

/* Begin XCBuildConfiguration section */
		1AC395DE18EB78F600B30E4B /* Debug */ = {
			isa = XCBuildConfiguration;
			buildSettings = {
				ALWAYS_SEARCH_USER_PATHS = NO;
				CLANG_CXX_LANGUAGE_STANDARD = "gnu++0x";
				CLANG_CXX_LIBRARY = "libc++";
				CLANG_ENABLE_MODULES = YES;
				CLANG_ENABLE_OBJC_ARC = YES;
				CLANG_WARN_BOOL_CONVERSION = YES;
				CLANG_WARN_CONSTANT_CONVERSION = YES;
				CLANG_WARN_DIRECT_OBJC_ISA_USAGE = YES_ERROR;
				CLANG_WARN_EMPTY_BODY = YES;
				CLANG_WARN_ENUM_CONVERSION = YES;
				CLANG_WARN_INT_CONVERSION = YES;
				CLANG_WARN_OBJC_ROOT_CLASS = YES_ERROR;
				CLANG_WARN__DUPLICATE_METHOD_MATCH = YES;
				"CODE_SIGN_IDENTITY[sdk=iphoneos*]" = "iPhone Developer";
				COPY_PHASE_STRIP = NO;
				GCC_C_LANGUAGE_STANDARD = gnu99;
				GCC_DYNAMIC_NO_PIC = NO;
				GCC_OPTIMIZATION_LEVEL = 0;
				GCC_PREPROCESSOR_DEFINITIONS = (
					"DEBUG=1",
					"$(inherited)",
				);
				GCC_SYMBOLS_PRIVATE_EXTERN = NO;
				GCC_WARN_64_TO_32_BIT_CONVERSION = YES;
				GCC_WARN_ABOUT_RETURN_TYPE = YES_ERROR;
				GCC_WARN_UNDECLARED_SELECTOR = YES;
				GCC_WARN_UNINITIALIZED_AUTOS = YES_AGGRESSIVE;
				GCC_WARN_UNUSED_FUNCTION = YES;
				GCC_WARN_UNUSED_VARIABLE = YES;
				IPHONEOS_DEPLOYMENT_TARGET = 7.1;
				ONLY_ACTIVE_ARCH = YES;
				SDKROOT = iphoneos;
				TARGETED_DEVICE_FAMILY = "1,2";
			};
			name = Debug;
		};
		1AC395DF18EB78F600B30E4B /* Release */ = {
			isa = XCBuildConfiguration;
			buildSettings = {
				ALWAYS_SEARCH_USER_PATHS = NO;
				CLANG_CXX_LANGUAGE_STANDARD = "gnu++0x";
				CLANG_CXX_LIBRARY = "libc++";
				CLANG_ENABLE_MODULES = YES;
				CLANG_ENABLE_OBJC_ARC = YES;
				CLANG_WARN_BOOL_CONVERSION = YES;
				CLANG_WARN_CONSTANT_CONVERSION = YES;
				CLANG_WARN_DIRECT_OBJC_ISA_USAGE = YES_ERROR;
				CLANG_WARN_EMPTY_BODY = YES;
				CLANG_WARN_ENUM_CONVERSION = YES;
				CLANG_WARN_INT_CONVERSION = YES;
				CLANG_WARN_OBJC_ROOT_CLASS = YES_ERROR;
				CLANG_WARN__DUPLICATE_METHOD_MATCH = YES;
				"CODE_SIGN_IDENTITY[sdk=iphoneos*]" = "iPhone Developer";
				COPY_PHASE_STRIP = YES;
				ENABLE_NS_ASSERTIONS = NO;
				GCC_C_LANGUAGE_STANDARD = gnu99;
				GCC_WARN_64_TO_32_BIT_CONVERSION = YES;
				GCC_WARN_ABOUT_RETURN_TYPE = YES_ERROR;
				GCC_WARN_UNDECLARED_SELECTOR = YES;
				GCC_WARN_UNINITIALIZED_AUTOS = YES_AGGRESSIVE;
				GCC_WARN_UNUSED_FUNCTION = YES;
				GCC_WARN_UNUSED_VARIABLE = YES;
				IPHONEOS_DEPLOYMENT_TARGET = 7.1;
				SDKROOT = iphoneos;
				TARGETED_DEVICE_FAMILY = "1,2";
				VALIDATE_PRODUCT = YES;
			};
			name = Release;
		};
		1AC395E118EB78F600B30E4B /* Debug */ = {
			isa = XCBuildConfiguration;
			buildSettings = {
				ASSETCATALOG_COMPILER_APPICON_NAME = AppIcon;
				ASSETCATALOG_COMPILER_LAUNCHIMAGE_NAME = LaunchImage;
				GCC_PRECOMPILE_PREFIX_HEADER = YES;
				GCC_PREFIX_HEADER = "BLECarTesting/BLECarTesting-Prefix.pch";
				INFOPLIST_FILE = "BLECarTesting/BLECarTesting-Info.plist";
				PRODUCT_NAME = "$(TARGET_NAME)";
				WRAPPER_EXTENSION = app;
			};
			name = Debug;
		};
		1AC395E218EB78F600B30E4B /* Release */ = {
			isa = XCBuildConfiguration;
			buildSettings = {
				ASSETCATALOG_COMPILER_APPICON_NAME = AppIcon;
				ASSETCATALOG_COMPILER_LAUNCHIMAGE_NAME = LaunchImage;
				GCC_PRECOMPILE_PREFIX_HEADER = YES;
				GCC_PREFIX_HEADER = "BLECarTesting/BLECarTesting-Prefix.pch";
				INFOPLIST_FILE = "BLECarTesting/BLECarTesting-Info.plist";
				PRODUCT_NAME = "$(TARGET_NAME)";
				WRAPPER_EXTENSION = app;
			};
			name = Release;
		};
		1AC395E418EB78F600B30E4B /* Debug */ = {
			isa = XCBuildConfiguration;
			buildSettings = {
				BUNDLE_LOADER = "$(BUILT_PRODUCTS_DIR)/BLECarTesting.app/BLECarTesting";
				FRAMEWORK_SEARCH_PATHS = (
					"$(SDKROOT)/Developer/Library/Frameworks",
					"$(inherited)",
					"$(DEVELOPER_FRAMEWORKS_DIR)",
				);
				GCC_PRECOMPILE_PREFIX_HEADER = YES;
				GCC_PREFIX_HEADER = "BLECarTesting/BLECarTesting-Prefix.pch";
				GCC_PREPROCESSOR_DEFINITIONS = (
					"DEBUG=1",
					"$(inherited)",
				);
				INFOPLIST_FILE = "BLECarTestingTests/BLECarTestingTests-Info.plist";
				PRODUCT_NAME = "$(TARGET_NAME)";
				TEST_HOST = "$(BUNDLE_LOADER)";
				WRAPPER_EXTENSION = xctest;
			};
			name = Debug;
		};
		1AC395E518EB78F600B30E4B /* Release */ = {
			isa = XCBuildConfiguration;
			buildSettings = {
				BUNDLE_LOADER = "$(BUILT_PRODUCTS_DIR)/BLECarTesting.app/BLECarTesting";
				FRAMEWORK_SEARCH_PATHS = (
					"$(SDKROOT)/Developer/Library/Frameworks",
					"$(inherited)",
					"$(DEVELOPER_FRAMEWORKS_DIR)",
				);
				GCC_PRECOMPILE_PREFIX_HEADER = YES;
				GCC_PREFIX_HEADER = "BLECarTesting/BLECarTesting-Prefix.pch";
				INFOPLIST_FILE = "BLECarTestingTests/BLECarTestingTests-Info.plist";
				PRODUCT_NAME = "$(TARGET_NAME)";
				TEST_HOST = "$(BUNDLE_LOADER)";
				WRAPPER_EXTENSION = xctest;
			};
			name = Release;
		};
/* End XCBuildConfiguration section */

/* Begin XCConfigurationList section */
		1AC395A318EB78F600B30E4B /* Build configuration list for PBXProject "BLECarTesting" */ = {
			isa = XCConfigurationList;
			buildConfigurations = (
				1AC395DE18EB78F600B30E4B /* Debug */,
				1AC395DF18EB78F600B30E4B /* Release */,
			);
			defaultConfigurationIsVisible = 0;
			defaultConfigurationName = Release;
		};
		1AC395E018EB78F600B30E4B /* Build configuration list for PBXNativeTarget "BLECarTesting" */ = {
			isa = XCConfigurationList;
			buildConfigurations = (
				1AC395E118EB78F600B30E4B /* Debug */,
				1AC395E218EB78F600B30E4B /* Release */,
			);
			defaultConfigurationIsVisible = 0;
			defaultConfigurationName = Release;
		};
		1AC395E318EB78F600B30E4B /* Build configuration list for PBXNativeTarget "BLECarTestingTests" */ = {
			isa = XCConfigurationList;
			buildConfigurations = (
				1AC395E418EB78F600B30E4B /* Debug */,
				1AC395E518EB78F600B30E4B /* Release */,
			);
			defaultConfigurationIsVisible = 0;
			defaultConfigurationName = Release;
		};
/* End XCConfigurationList section */
	};
	rootObject = 1AC395A018EB78F600B30E4B /* Project object */;
}
